{
  "name": "Slidev-material",
  "lockfileVersion": 3,
  "requires": true,
  "packages": {
    "": {
      "dependencies": {
        "@slidev/theme-default": "^0.25.0",
        "@slidev/theme-seriph": "^0.25.0"
      },
      "devDependencies": {
        "playwright-chromium": "^1.48.1"
      }
    },
    "node_modules/@slidev/theme-default": {
      "version": "0.25.0",
      "resolved": "https://registry.npmjs.org/@slidev/theme-default/-/theme-default-0.25.0.tgz",
      "integrity": "sha512-iWvthH1Ny+i6gTwRnEeeU+EiqsHC56UdEO45bqLSNmymRAOWkKUJ/M0o7iahLzHSXsiPu71B7C715WxqjXk2hw==",
      "license": "MIT",
      "dependencies": {
        "@slidev/types": "^0.47.0",
        "codemirror-theme-vars": "^0.1.2",
        "prism-theme-vars": "^0.2.4"
      },
      "engines": {
        "node": ">=14.0.0",
        "slidev": ">=v0.47.0"
      },
      "funding": {
        "url": "https://github.com/sponsors/antfu"
      }
    },
    "node_modules/@slidev/theme-seriph": {
      "version": "0.25.0",
      "resolved": "https://registry.npmjs.org/@slidev/theme-seriph/-/theme-seriph-0.25.0.tgz",
      "integrity": "sha512-PnFQbn4I70+/cVie5iAr0Im6sYvnwjkO7Yj5KonTyJZFFJFytckLTrD3ijft/J4cRnz7OmSzTyQKNX1FN/x0YQ==",
      "license": "MIT",
      "dependencies": {
        "@slidev/types": "^0.47.0",
        "codemirror-theme-vars": "^0.1.2",
        "prism-theme-vars": "^0.2.4"
      },
      "engines": {
        "node": ">=14.0.0",
        "slidev": ">=v0.47.0"
      },
      "funding": {
        "url": "https://github.com/sponsors/antfu"
      }
    },
    "node_modules/@slidev/types": {
      "version": "0.47.5",
      "resolved": "https://registry.npmjs.org/@slidev/types/-/types-0.47.5.tgz",
      "integrity": "sha512-X67V4cCgM0Sz50bP8GbVzmiL8DHC2IXvdKcsN7DlxHyf+/T4d9GveeGukwha5Fx3MuYeGZWKag7TFL2ZY4w54A==",
      "license": "MIT",
      "engines": {
        "node": ">=18.0.0"
      },
      "funding": {
        "url": "https://github.com/sponsors/antfu"
      }
    },
    "node_modules/codemirror-theme-vars": {
      "version": "0.1.2",
      "resolved": "https://registry.npmjs.org/codemirror-theme-vars/-/codemirror-theme-vars-0.1.2.tgz",
      "integrity": "sha512-WTau8X2q58b0SOAY9DO+iQVw8JKVEgyQIqArp2D732tcc+pobbMta3bnVMdQdmgwuvNrOFFr6HoxPRoQOgooFA==",
      "license": "MIT",
      "funding": {
        "url": "https://github.com/sponsors/antfu"
      }
    },
    "node_modules/playwright-chromium": {
      "version": "1.48.1",
      "resolved": "https://registry.npmjs.org/playwright-chromium/-/playwright-chromium-1.48.1.tgz",
      "integrity": "sha512-KUrivSfq8LgOKxA1PO7MdYQ2PP10ZzPf0pedKxJ6LPCsUhckU6chGFum3svuo5HiRtBR0pEK+RPny0HcIRxDeQ==",
      "dev": true,
      "hasInstallScript": true,
      "license": "Apache-2.0",
      "dependencies": {
        "playwright-core": "1.48.1"
      },
      "bin": {
        "playwright": "cli.js"
      },
      "engines": {
        "node": ">=18"
      }
    },
    "node_modules/playwright-core": {
      "version": "1.48.1",
      "resolved": "https://registry.npmjs.org/playwright-core/-/playwright-core-1.48.1.tgz",
      "integrity": "sha512-Yw/t4VAFX/bBr1OzwCuOMZkY1Cnb4z/doAFSwf4huqAGWmf9eMNjmK7NiOljCdLmxeRYcGPPmcDgU0zOlzP0YA==",
      "dev": true,
      "license": "Apache-2.0",
      "bin": {
        "playwright-core": "cli.js"
      },
      "engines": {
        "node": ">=18"
      }
    },
    "node_modules/prism-theme-vars": {
      "version": "0.2.5",
      "resolved": "https://registry.npmjs.org/prism-theme-vars/-/prism-theme-vars-0.2.5.tgz",
      "integrity": "sha512-/D8gBTScYzi9afwE6v3TC1U/1YFZ6k+ly17mtVRdLpGy7E79YjJJWkXFgUDHJ2gDksV/ZnXF7ydJ4TvoDm2z/Q==",
      "license": "MIT",
      "funding": {
        "url": "https://github.com/sponsors/antfu"
      }
    }
  }
}
